// !$*UTF8*$!
{
	archiveVersion = 1;
	classes = {
	};
	objectVersion = 55;
	objects = {

/* Begin PBXBuildFile section */
		D00D84B228D62BDA00A9C4CA /* MovieCell.swift in Sources */ = {isa = PBXBuildFile; fileRef = D00D84B128D62BDA00A9C4CA /* MovieCell.swift */; };
		D00D84B528D647CE00A9C4CA /* AlamofireImage in Frameworks */ = {isa = PBXBuildFile; productRef = D00D84B428D647CE00A9C4CA /* AlamofireImage */; };
		D05D227D28E4975D0029D7AB /* MovieDetailsViewController.swift in Sources */ = {isa = PBXBuildFile; fileRef = D05D227C28E4975D0029D7AB /* MovieDetailsViewController.swift */; };
		D05D227F28E50ECB0029D7AB /* MovieGridViewController.swift in Sources */ = {isa = PBXBuildFile; fileRef = D05D227E28E50ECB0029D7AB /* MovieGridViewController.swift */; };
		D05D228128E520120029D7AB /* MovieGridCell.swift in Sources */ = {isa = PBXBuildFile; fileRef = D05D228028E520120029D7AB /* MovieGridCell.swift */; };
		D0D5F8A428D56F7300F8C365 /* AppDelegate.swift in Sources */ = {isa = PBXBuildFile; fileRef = D0D5F8A328D56F7300F8C365 /* AppDelegate.swift */; };
		D0D5F8A628D56F7300F8C365 /* SceneDelegate.swift in Sources */ = {isa = PBXBuildFile; fileRef = D0D5F8A528D56F7300F8C365 /* SceneDelegate.swift */; };
		D0D5F8A828D56F7300F8C365 /* ViewController.swift in Sources */ = {isa = PBXBuildFile; fileRef = D0D5F8A728D56F7300F8C365 /* ViewController.swift */; };
		D0D5F8AB28D56F7300F8C365 /* Main.storyboard in Resources */ = {isa = PBXBuildFile; fileRef = D0D5F8A928D56F7300F8C365 /* Main.storyboard */; };
		D0D5F8AD28D56F7600F8C365 /* Assets.xcassets in Resources */ = {isa = PBXBuildFile; fileRef = D0D5F8AC28D56F7600F8C365 /* Assets.xcassets */; };
		D0D5F8B028D56F7600F8C365 /* LaunchScreen.storyboard in Resources */ = {isa = PBXBuildFile; fileRef = D0D5F8AE28D56F7600F8C365 /* LaunchScreen.storyboard */; };
		D0D5F8BA28D5796600F8C365 /* MoviesViewController.swift in Sources */ = {isa = PBXBuildFile; fileRef = D0D5F8B928D5796600F8C365 /* MoviesViewController.swift */; };
		D23B0DF882EEEDE2FEA66C88 /* Pods_Flix.framework in Frameworks */ = {isa = PBXBuildFile; fileRef = 1C8404CE0AA6FDFD9B0610A3 /* Pods_Flix.framework */; };
/* End PBXBuildFile section */

/* Begin PBXFileReference section */
		1C8404CE0AA6FDFD9B0610A3 /* Pods_Flix.framework */ = {isa = PBXFileReference; explicitFileType = wrapper.framework; includeInIndex = 0; path = Pods_Flix.framework; sourceTree = BUILT_PRODUCTS_DIR; };
		D00D84B128D62BDA00A9C4CA /* MovieCell.swift */ = {isa = PBXFileReference; lastKnownFileType = sourcecode.swift; path = MovieCell.swift; sourceTree = "<group>"; };
		D05D227C28E4975D0029D7AB /* MovieDetailsViewController.swift */ = {isa = PBXFileReference; lastKnownFileType = sourcecode.swift; path = MovieDetailsViewController.swift; sourceTree = "<group>"; };
		D05D227E28E50ECB0029D7AB /* MovieGridViewController.swift */ = {isa = PBXFileReference; lastKnownFileType = sourcecode.swift; path = MovieGridViewController.swift; sourceTree = "<group>"; };
		D05D228028E520120029D7AB /* MovieGridCell.swift */ = {isa = PBXFileReference; lastKnownFileType = sourcecode.swift; path = MovieGridCell.swift; sourceTree = "<group>"; };
		D0D5F8A028D56F7300F8C365 /* Flix.app */ = {isa = PBXFileReference; explicitFileType = wrapper.application; includeInIndex = 0; path = Flix.app; sourceTree = BUILT_PRODUCTS_DIR; };
		D0D5F8A328D56F7300F8C365 /* AppDelegate.swift */ = {isa = PBXFileReference; lastKnownFileType = sourcecode.swift; path = AppDelegate.swift; sourceTree = "<group>"; };
		D0D5F8A528D56F7300F8C365 /* SceneDelegate.swift */ = {isa = PBXFileReference; lastKnownFileType = sourcecode.swift; path = SceneDelegate.swift; sourceTree = "<group>"; };
		D0D5F8A728D56F7300F8C365 /* ViewController.swift */ = {isa = PBXFileReference; lastKnownFileType = sourcecode.swift; path = ViewController.swift; sourceTree = "<group>"; };
		D0D5F8AA28D56F7300F8C365 /* Base */ = {isa = PBXFileReference; lastKnownFileType = file.storyboard; name = Base; path = Base.lproj/Main.storyboard; sourceTree = "<group>"; };
		D0D5F8AC28D56F7600F8C365 /* Assets.xcassets */ = {isa = PBXFileReference; lastKnownFileType = folder.assetcatalog; path = Assets.xcassets; sourceTree = "<group>"; };
		D0D5F8AF28D56F7600F8C365 /* Base */ = {isa = PBXFileReference; lastKnownFileType = file.storyboard; name = Base; path = Base.lproj/LaunchScreen.storyboard; sourceTree = "<group>"; };
		D0D5F8B128D56F7600F8C365 /* Info.plist */ = {isa = PBXFileReference; lastKnownFileType = text.plist.xml; path = Info.plist; sourceTree = "<group>"; };
		D0D5F8B928D5796600F8C365 /* MoviesViewController.swift */ = {isa = PBXFileReference; lastKnownFileType = sourcecode.swift; path = MoviesViewController.swift; sourceTree = "<group>"; };
		EA3650DDB0F8672D3B0476A9 /* Pods-Flix.release.xcconfig */ = {isa = PBXFileReference; includeInIndex = 1; lastKnownFileType = text.xcconfig; name = "Pods-Flix.release.xcconfig"; path = "Target Support Files/Pods-Flix/Pods-Flix.release.xcconfig"; sourceTree = "<group>"; };
		F4515B1B84D0C6C6332378FC /* Pods-Flix.debug.xcconfig */ = {isa = PBXFileReference; includeInIndex = 1; lastKnownFileType = text.xcconfig; name = "Pods-Flix.debug.xcconfig"; path = "Target Support Files/Pods-Flix/Pods-Flix.debug.xcconfig"; sourceTree = "<group>"; };
/* End PBXFileReference section */

/* Begin PBXFrameworksBuildPhase section */
		D0D5F89D28D56F7200F8C365 /* Frameworks */ = {
			isa = PBXFrameworksBuildPhase;
			buildActionMask = 2147483647;
			files = (
				D00D84B528D647CE00A9C4CA /* AlamofireImage in Frameworks */,
				D23B0DF882EEEDE2FEA66C88 /* Pods_Flix.framework in Frameworks */,
			);
			runOnlyForDeploymentPostprocessing = 0;
		};
/* End PBXFrameworksBuildPhase section */

/* Begin PBXGroup section */
		079F34E1FD60C392A27B355B /* Pods */ = {
			isa = PBXGroup;
			children = (
				F4515B1B84D0C6C6332378FC /* Pods-Flix.debug.xcconfig */,
				EA3650DDB0F8672D3B0476A9 /* Pods-Flix.release.xcconfig */,
			);
			path = Pods;
			sourceTree = "<group>";
		};
		54853F707615735F81D096C2 /* Frameworks */ = {
			isa = PBXGroup;
			children = (
				1C8404CE0AA6FDFD9B0610A3 /* Pods_Flix.framework */,
			);
			name = Frameworks;
			sourceTree = "<group>";
		};
		D0D5F89728D56F7200F8C365 = {
			isa = PBXGroup;
			children = (
				D0D5F8A228D56F7300F8C365 /* Flix */,
				D0D5F8A128D56F7300F8C365 /* Products */,
				079F34E1FD60C392A27B355B /* Pods */,
				54853F707615735F81D096C2 /* Frameworks */,
			);
			sourceTree = "<group>";
		};
		D0D5F8A128D56F7300F8C365 /* Products */ = {
			isa = PBXGroup;
			children = (
				D0D5F8A028D56F7300F8C365 /* Flix.app */,
			);
			name = Products;
			sourceTree = "<group>";
		};
		D0D5F8A228D56F7300F8C365 /* Flix */ = {
			isa = PBXGroup;
			children = (
				D0D5F8A328D56F7300F8C365 /* AppDelegate.swift */,
				D0D5F8A528D56F7300F8C365 /* SceneDelegate.swift */,
				D0D5F8A728D56F7300F8C365 /* ViewController.swift */,
				D0D5F8B928D5796600F8C365 /* MoviesViewController.swift */,
				D00D84B128D62BDA00A9C4CA /* MovieCell.swift */,
				D05D227C28E4975D0029D7AB /* MovieDetailsViewController.swift */,
				D05D227E28E50ECB0029D7AB /* MovieGridViewController.swift */,
				D05D228028E520120029D7AB /* MovieGridCell.swift */,
				D0D5F8A928D56F7300F8C365 /* Main.storyboard */,
				D0D5F8AC28D56F7600F8C365 /* Assets.xcassets */,
				D0D5F8AE28D56F7600F8C365 /* LaunchScreen.storyboard */,
				D0D5F8B128D56F7600F8C365 /* Info.plist */,
			);
			path = Flix;
			sourceTree = "<group>";
		};
/* End PBXGroup section */

/* Begin PBXNativeTarget section */
		D0D5F89F28D56F7200F8C365 /* Flix */ = {
			isa = PBXNativeTarget;
			buildConfigurationList = D0D5F8B428D56F7600F8C365 /* Build configuration list for PBXNativeTarget "Flix" */;
			buildPhases = (
				9C6F21813DB1165CAC77C59E /* [CP] Check Pods Manifest.lock */,
				D0D5F89C28D56F7200F8C365 /* Sources */,
				D0D5F89D28D56F7200F8C365 /* Frameworks */,
				D0D5F89E28D56F7200F8C365 /* Resources */,
				520CBD7CFE36E25B9A9E4665 /* [CP] Embed Pods Frameworks */,
			);
			buildRules = (
			);
			dependencies = (
			);
			name = Flix;
			packageProductDependencies = (
				D00D84B428D647CE00A9C4CA /* AlamofireImage */,
			);
			productName = Flix;
			productReference = D0D5F8A028D56F7300F8C365 /* Flix.app */;
			productType = "com.apple.product-type.application";
		};
/* End PBXNativeTarget section */

/* Begin PBXProject section */
		D0D5F89828D56F7200F8C365 /* Project object */ = {
			isa = PBXProject;
			attributes = {
				BuildIndependentTargetsInParallel = 1;
				LastSwiftUpdateCheck = 1320;
				LastUpgradeCheck = 1320;
				TargetAttributes = {
					D0D5F89F28D56F7200F8C365 = {
						CreatedOnToolsVersion = 13.2;
					};
				};
			};
			buildConfigurationList = D0D5F89B28D56F7200F8C365 /* Build configuration list for PBXProject "Flix" */;
			compatibilityVersion = "Xcode 13.0";
			developmentRegion = en;
			hasScannedForEncodings = 0;
			knownRegions = (
				en,
				Base,
			);
			mainGroup = D0D5F89728D56F7200F8C365;
			packageReferences = (
				D00D84B328D647CE00A9C4CA /* XCRemoteSwiftPackageReference "AlamofireImage" */,
			);
			productRefGroup = D0D5F8A128D56F7300F8C365 /* Products */;
			projectDirPath = "";
			projectRoot = "";
			targets = (
				D0D5F89F28D56F7200F8C365 /* Flix */,
			);
		};
/* End PBXProject section */

/* Begin PBXResourcesBuildPhase section */
		D0D5F89E28D56F7200F8C365 /* Resources */ = {
			isa = PBXResourcesBuildPhase;
			buildActionMask = 2147483647;
			files = (
				D0D5F8B028D56F7600F8C365 /* LaunchScreen.storyboard in Resources */,
				D0D5F8AD28D56F7600F8C365 /* Assets.xcassets in Resources */,
				D0D5F8AB28D56F7300F8C365 /* Main.storyboard in Resources */,
			);
			runOnlyForDeploymentPostprocessing = 0;
		};
/* End PBXResourcesBuildPhase section */

/* Begin PBXShellScriptBuildPhase section */
		520CBD7CFE36E25B9A9E4665 /* [CP] Embed Pods Frameworks */ = {
			isa = PBXShellScriptBuildPhase;
			buildActionMask = 2147483647;
			files = (
			);
			inputFileListPaths = (
				"${PODS_ROOT}/Target Support Files/Pods-Flix/Pods-Flix-frameworks-${CONFIGURATION}-input-files.xcfilelist",
			);
			name = "[CP] Embed Pods Frameworks";
			outputFileListPaths = (
				"${PODS_ROOT}/Target Support Files/Pods-Flix/Pods-Flix-frameworks-${CONFIGURATION}-output-files.xcfilelist",
			);
			runOnlyForDeploymentPostprocessing = 0;
			shellPath = /bin/sh;
			shellScript = "\"${PODS_ROOT}/Target Support Files/Pods-Flix/Pods-Flix-frameworks.sh\"\n";
			showEnvVarsInLog = 0;
		};
		9C6F21813DB1165CAC77C59E /* [CP] Check Pods Manifest.lock */ = {
			isa = PBXShellScriptBuildPhase;
			buildActionMask = 2147483647;
			files = (
			);
			inputFileListPaths = (
			);
			inputPaths = (
				"${PODS_PODFILE_DIR_PATH}/Podfile.lock",
				"${PODS_ROOT}/Manifest.lock",
			);
			name = "[CP] Check Pods Manifest.lock";
			outputFileListPaths = (
			);
			outputPaths = (
				"$(DERIVED_FILE_DIR)/Pods-Flix-checkManifestLockResult.txt",
			);
			runOnlyForDeploymentPostprocessing = 0;
			shellPath = /bin/sh;
			shellScript = "diff \"${PODS_PODFILE_DIR_PATH}/Podfile.lock\" \"${PODS_ROOT}/Manifest.lock\" > /dev/null\nif [ $? != 0 ] ; then\n    # print error to STDERR\n    echo \"error: The sandbox is not in sync with the Podfile.lock. Run 'pod install' or update your CocoaPods installation.\" >&2\n    exit 1\nfi\n# This output is used by Xcode 'outputs' to avoid re-running this script phase.\necho \"SUCCESS\" > \"${SCRIPT_OUTPUT_FILE_0}\"\n";
			showEnvVarsInLog = 0;
		};
/* End PBXShellScriptBuildPhase section */

/* Begin PBXSourcesBuildPhase section */
		D0D5F89C28D56F7200F8C365 /* Sources */ = {
			isa = PBXSourcesBuildPhase;
			buildActionMask = 2147483647;
			files = (
				D0D5F8A828D56F7300F8C365 /* ViewController.swift in Sources */,
				D0D5F8A428D56F7300F8C365 /* AppDelegate.swift in Sources */,
				D05D227D28E4975D0029D7AB /* MovieDetailsViewController.swift in Sources */,
				D05D227F28E50ECB0029D7AB /* MovieGridViewController.swift in Sources */,
				D05D228128E520120029D7AB /* MovieGridCell.swift in Sources */,
				D0D5F8A628D56F7300F8C365 /* SceneDelegate.swift in Sources */,
				D00D84B228D62BDA00A9C4CA /* MovieCell.swift in Sources */,
				D0D5F8BA28D5796600F8C365 /* MoviesViewController.swift in Sources */,
			);
			runOnlyForDeploymentPostprocessing = 0;
		};
/* End PBXSourcesBuildPhase section */

/* Begin PBXVariantGroup section */
		D0D5F8A928D56F7300F8C365 /* Main.storyboard */ = {
			isa = PBXVariantGroup;
			children = (
				D0D5F8AA28D56F7300F8C365 /* Base */,
			);
			name = Main.storyboard;
			sourceTree = "<group>";
		};
		D0D5F8AE28D56F7600F8C365 /* LaunchScreen.storyboard */ = {
			isa = PBXVariantGroup;
			children = (
				D0D5F8AF28D56F7600F8C365 /* Base */,
			);
			name = LaunchScreen.storyboard;
			sourceTree = "<group>";
		};
/* End PBXVariantGroup section */

/* Begin XCBuildConfiguration section */
		D0D5F8B228D56F7600F8C365 /* Debug */ = {
			isa = XCBuildConfiguration;
			buildSettings = {
				ALWAYS_SEARCH_USER_PATHS = NO;
				CLANG_ANALYZER_NONNULL = YES;
				CLANG_ANALYZER_NUMBER_OBJECT_CONVERSION = YES_AGGRESSIVE;
				CLANG_CXX_LANGUAGE_STANDARD = "gnu++17";
				CLANG_CXX_LIBRARY = "libc++";
				CLANG_ENABLE_MODULES = YES;
				CLANG_ENABLE_OBJC_ARC = YES;
				CLANG_ENABLE_OBJC_WEAK = YES;
				CLANG_WARN_BLOCK_CAPTURE_AUTORELEASING = YES;
				CLANG_WARN_BOOL_CONVERSION = YES;
				CLANG_WARN_COMMA = YES;
				CLANG_WARN_CONSTANT_CONVERSION = YES;
				CLANG_WARN_DEPRECATED_OBJC_IMPLEMENTATIONS = YES;
				CLANG_WARN_DIRECT_OBJC_ISA_USAGE = YES_ERROR;
				CLANG_WARN_DOCUMENTATION_COMMENTS = YES;
				CLANG_WARN_EMPTY_BODY = YES;
				CLANG_WARN_ENUM_CONVERSION = YES;
				CLANG_WARN_INFINITE_RECURSION = YES;
				CLANG_WARN_INT_CONVERSION = YES;
				CLANG_WARN_NON_LITERAL_NULL_CONVERSION = YES;
				CLANG_WARN_OBJC_IMPLICIT_RETAIN_SELF = YES;
				CLANG_WARN_OBJC_LITERAL_CONVERSION = YES;
				CLANG_WARN_OBJC_ROOT_CLASS = YES_ERROR;
				CLANG_WARN_QUOTED_INCLUDE_IN_FRAMEWORK_HEADER = YES;
				CLANG_WARN_RANGE_LOOP_ANALYSIS = YES;
				CLANG_WARN_STRICT_PROTOTYPES = YES;
				CLANG_WARN_SUSPICIOUS_MOVE = YES;
				CLANG_WARN_UNGUARDED_AVAILABILITY = YES_AGGRESSIVE;
				CLANG_WARN_UNREACHABLE_CODE = YES;
				CLANG_WARN__DUPLICATE_METHOD_MATCH = YES;
				COPY_PHASE_STRIP = NO;
				DEBUG_INFORMATION_FORMAT = dwarf;
				ENABLE_STRICT_OBJC_MSGSEND = YES;
				ENABLE_TESTABILITY = YES;
				GCC_C_LANGUAGE_STANDARD = gnu11;
				GCC_DYNAMIC_NO_PIC = NO;
				GCC_NO_COMMON_BLOCKS = YES;
				GCC_OPTIMIZATION_LEVEL = 0;
				GCC_PREPROCESSOR_DEFINITIONS = (
					"DEBUG=1",
					"$(inherited)",
				);
				GCC_WARN_64_TO_32_BIT_CONVERSION = YES;
				GCC_WARN_ABOUT_RETURN_TYPE = YES_ERROR;
				GCC_WARN_UNDECLARED_SELECTOR = YES;
				GCC_WARN_UNINITIALIZED_AUTOS = YES_AGGRESSIVE;
				GCC_WARN_UNUSED_FUNCTION = YES;
				GCC_WARN_UNUSED_VARIABLE = YES;
				IPHONEOS_DEPLOYMENT_TARGET = 15.2;
				MTL_ENABLE_DEBUG_INFO = INCLUDE_SOURCE;
				MTL_FAST_MATH = YES;
				ONLY_ACTIVE_ARCH = YES;
				SDKROOT = iphoneos;
				SWIFT_ACTIVE_COMPILATION_CONDITIONS = DEBUG;
				SWIFT_OPTIMIZATION_LEVEL = "-Onone";
			};
			name = Debug;
		};
		D0D5F8B328D56F7600F8C365 /* Release */ = {
			isa = XCBuildConfiguration;
			buildSettings = {
				ALWAYS_SEARCH_USER_PATHS = NO;
				CLANG_ANALYZER_NONNULL = YES;
				CLANG_ANALYZER_NUMBER_OBJECT_CONVERSION = YES_AGGRESSIVE;
				CLANG_CXX_LANGUAGE_STANDARD = "gnu++17";
				CLANG_CXX_LIBRARY = "libc++";
				CLANG_ENABLE_MODULES = YES;
				CLANG_ENABLE_OBJC_ARC = YES;
				CLANG_ENABLE_OBJC_WEAK = YES;
				CLANG_WARN_BLOCK_CAPTURE_AUTORELEASING = YES;
				CLANG_WARN_BOOL_CONVERSION = YES;
				CLANG_WARN_COMMA = YES;
				CLANG_WARN_CONSTANT_CONVERSION = YES;
				CLANG_WARN_DEPRECATED_OBJC_IMPLEMENTATIONS = YES;
				CLANG_WARN_DIRECT_OBJC_ISA_USAGE = YES_ERROR;
				CLANG_WARN_DOCUMENTATION_COMMENTS = YES;
				CLANG_WARN_EMPTY_BODY = YES;
				CLANG_WARN_ENUM_CONVERSION = YES;
				CLANG_WARN_INFINITE_RECURSION = YES;
				CLANG_WARN_INT_CONVERSION = YES;
				CLANG_WARN_NON_LITERAL_NULL_CONVERSION = YES;
				CLANG_WARN_OBJC_IMPLICIT_RETAIN_SELF = YES;
				CLANG_WARN_OBJC_LITERAL_CONVERSION = YES;
				CLANG_WARN_OBJC_ROOT_CLASS = YES_ERROR;
				CLANG_WARN_QUOTED_INCLUDE_IN_FRAMEWORK_HEADER = YES;
				CLANG_WARN_RANGE_LOOP_ANALYSIS = YES;
				CLANG_WARN_STRICT_PROTOTYPES = YES;
				CLANG_WARN_SUSPICIOUS_MOVE = YES;
				CLANG_WARN_UNGUARDED_AVAILABILITY = YES_AGGRESSIVE;
				CLANG_WARN_UNREACHABLE_CODE = YES;
				CLANG_WARN__DUPLICATE_METHOD_MATCH = YES;
				COPY_PHASE_STRIP = NO;
				DEBUG_INFORMATION_FORMAT = "dwarf-with-dsym";
				ENABLE_NS_ASSERTIONS = NO;
				ENABLE_STRICT_OBJC_MSGSEND = YES;
				GCC_C_LANGUAGE_STANDARD = gnu11;
				GCC_NO_COMMON_BLOCKS = YES;
				GCC_WARN_64_TO_32_BIT_CONVERSION = YES;
				GCC_WARN_ABOUT_RETURN_TYPE = YES_ERROR;
				GCC_WARN_UNDECLARED_SELECTOR = YES;
				GCC_WARN_UNINITIALIZED_AUTOS = YES_AGGRESSIVE;
				GCC_WARN_UNUSED_FUNCTION = YES;
				GCC_WARN_UNUSED_VARIABLE = YES;
				IPHONEOS_DEPLOYMENT_TARGET = 15.2;
				MTL_ENABLE_DEBUG_INFO = NO;
				MTL_FAST_MATH = YES;
				SDKROOT = iphoneos;
				SWIFT_COMPILATION_MODE = wholemodule;
				SWIFT_OPTIMIZATION_LEVEL = "-O";
				VALIDATE_PRODUCT = YES;
			};
			name = Release;
		};
		D0D5F8B528D56F7600F8C365 /* Debug */ = {
			isa = XCBuildConfiguration;
			baseConfigurationReference = F4515B1B84D0C6C6332378FC /* Pods-Flix.debug.xcconfig */;
			buildSettings = {
				ASSETCATALOG_COMPILER_APPICON_NAME = AppIcon;
				ASSETCATALOG_COMPILER_GLOBAL_ACCENT_COLOR_NAME = AccentColor;
				CODE_SIGN_IDENTITY = "Apple Development";
				CODE_SIGN_STYLE = Automatic;
				CURRENT_PROJECT_VERSION = 1;
				DEVELOPMENT_TEAM = Q8568VRRHX;
				GENERATE_INFOPLIST_FILE = YES;
				INFOPLIST_FILE = Flix/Info.plist;
				INFOPLIST_KEY_UIApplicationSupportsIndirectInputEvents = YES;
				INFOPLIST_KEY_UILaunchStoryboardName = LaunchScreen;
				INFOPLIST_KEY_UIMainStoryboardFile = Main;
				INFOPLIST_KEY_UISupportedInterfaceOrientations_iPad = "UIInterfaceOrientationPortrait UIInterfaceOrientationPortraitUpsideDown UIInterfaceOrientationLandscapeLeft UIInterfaceOrientationLandscapeRight";
				INFOPLIST_KEY_UISupportedInterfaceOrientations_iPhone = "UIInterfaceOrientationPortrait UIInterfaceOrientationLandscapeLeft UIInterfaceOrientationLandscapeRight";
				LD_RUNPATH_SEARCH_PATHS = (
					"$(inherited)",
					"@executable_path/Frameworks",
				);
				MARKETING_VERSION = 1.0;
				PRODUCT_BUNDLE_IDENTIFIER = com.example.Flix;
				PRODUCT_NAME = "$(TARGET_NAME)";
				PROVISIONING_PROFILE_SPECIFIER = "";
				SWIFT_EMIT_LOC_STRINGS = YES;
				SWIFT_VERSION = 5.0;
				TARGETED_DEVICE_FAMILY = "1,2";
			};
			name = Debug;
		};
		D0D5F8B628D56F7600F8C365 /* Release */ = {
			isa = XCBuildConfiguration;
			baseConfigurationReference = EA3650DDB0F8672D3B0476A9 /* Pods-Flix.release.xcconfig */;
			buildSettings = {
				ASSETCATALOG_COMPILER_APPICON_NAME = AppIcon;
				ASSETCATALOG_COMPILER_GLOBAL_ACCENT_COLOR_NAME = AccentColor;
				CODE_SIGN_IDENTITY = "Apple Development";
				CODE_SIGN_STYLE = Automatic;
				CURRENT_PROJECT_VERSION = 1;
				DEVELOPMENT_TEAM = Q8568VRRHX;
				GENERATE_INFOPLIST_FILE = YES;
				INFOPLIST_FILE = Flix/Info.plist;
				INFOPLIST_KEY_UIApplicationSupportsIndirectInputEvents = YES;
				INFOPLIST_KEY_UILaunchStoryboardName = LaunchScreen;
				INFOPLIST_KEY_UIMainStoryboardFile = Main;
				INFOPLIST_KEY_UISupportedInterfaceOrientations_iPad = "UIInterfaceOrientationPortrait UIInterfaceOrientationPortraitUpsideDown UIInterfaceOrientationLandscapeLeft UIInterfaceOrientationLandscapeRight";
				INFOPLIST_KEY_UISupportedInterfaceOrientations_iPhone = "UIInterfaceOrientationPortrait UIInterfaceOrientationLandscapeLeft UIInterfaceOrientationLandscapeRight";
				LD_RUNPATH_SEARCH_PATHS = (
					"$(inherited)",
					"@executable_path/Frameworks",
				);
				MARKETING_VERSION = 1.0;
				PRODUCT_BUNDLE_IDENTIFIER = com.example.Flix;
				PRODUCT_NAME = "$(TARGET_NAME)";
				PROVISIONING_PROFILE_SPECIFIER = "";
				SWIFT_EMIT_LOC_STRINGS = YES;
				SWIFT_VERSION = 5.0;
				TARGETED_DEVICE_FAMILY = "1,2";
			};
			name = Release;
		};
/* End XCBuildConfiguration section */

/* Begin XCConfigurationList section */
		D0D5F89B28D56F7200F8C365 /* Build configuration list for PBXProject "Flix" */ = {
			isa = XCConfigurationList;
			buildConfigurations = (
				D0D5F8B228D56F7600F8C365 /* Debug */,
				D0D5F8B328D56F7600F8C365 /* Release */,
			);
			defaultConfigurationIsVisible = 0;
			defaultConfigurationName = Release;
		};
		D0D5F8B428D56F7600F8C365 /* Build configuration list for PBXNativeTarget "Flix" */ = {
			isa = XCConfigurationList;
			buildConfigurations = (
				D0D5F8B528D56F7600F8C365 /* Debug */,
				D0D5F8B628D56F7600F8C365 /* Release */,
			);
			defaultConfigurationIsVisible = 0;
			defaultConfigurationName = Release;
		};
/* End XCConfigurationList section */

/* Begin XCRemoteSwiftPackageReference section */
		D00D84B328D647CE00A9C4CA /* XCRemoteSwiftPackageReference "AlamofireImage" */ = {
			isa = XCRemoteSwiftPackageReference;
			repositoryURL = "https://github.com/Alamofire/AlamofireImage";
			requirement = {
				kind = upToNextMajorVersion;
				minimumVersion = 4.0.0;
			};
		};
/* End XCRemoteSwiftPackageReference section */

/* Begin XCSwiftPackageProductDependency section */
		D00D84B428D647CE00A9C4CA /* AlamofireImage */ = {
			isa = XCSwiftPackageProductDependency;
			package = D00D84B328D647CE00A9C4CA /* XCRemoteSwiftPackageReference "AlamofireImage" */;
			productName = AlamofireImage;
		};
/* End XCSwiftPackageProductDependency section */
	};
	rootObject = D0D5F89828D56F7200F8C365 /* Project object */;
}
